
Microsoft Visual Studio Solution File, Format Version 12.00
# Visual Studio Version 16
VisualStudioVersion = 16.0.32106.194
MinimumVisualStudioVersion = 10.0.40219.1
Project("{FAE04EC0-301F-11D3-BF4B-00C04F79EFBC}") = "Lab4", "Lab4\Lab4.csproj", "{2CB2FC44-AA8D-43B3-BEA1-4A05834ACF17}"
EndProject
Global
	GlobalSection(SolutionConfigurationPlatforms) = preSolution
		Debug|Any CPU = Debug|Any CPU
		Release|Any CPU = Release|Any CPU
	EndGlobalSection
	GlobalSection(ProjectConfigurationPlatforms) = postSolution
		{2CB2FC44-AA8D-43B3-BEA1-4A05834ACF17}.Debug|Any CPU.ActiveCfg = Debug|Any CPU
		{2CB2FC44-AA8D-43B3-BEA1-4A05834ACF17}.Debug|Any CPU.Build.0 = Debug|Any CPU
		{2CB2FC44-AA8D-43B3-BEA1-4A05834ACF17}.Release|Any CPU.ActiveCfg = Release|Any CPU
		{2CB2FC44-AA8D-43B3-BEA1-4A05834ACF17}.Release|Any CPU.Build.0 = Release|Any CPU
	EndGlobalSection
	GlobalSection(SolutionProperties) = preSolution
		HideSolutionNode = FALSE
	EndGlobalSection
	GlobalSection(ExtensibilityGlobals) = postSolution
		SolutionGuid = {2E24A5BC-7760-4355-B040-23A06E86668E}
	EndGlobalSection
EndGlobal
